
Microsoft Visual Studio Solution File, Format Version 12.00
# Visual Studio Version 17
VisualStudioVersion = 17.3.32804.467
MinimumVisualStudioVersion = 10.0.40219.1
Project("{FAE04EC0-301F-11D3-BF4B-00C04F79EFBC}") = "UpcastingAndDowncastingBack", "UpcastingAndDowncastingBack\UpcastingAndDowncastingBack.csproj", "{ACC07993-AB2B-47C5-BFC6-A943E92EAE70}"
EndProject
Global
	GlobalSection(SolutionConfigurationPlatforms) = preSolution
		Debug|Any CPU = Debug|Any CPU
		Release|Any CPU = Release|Any CPU
	EndGlobalSection
	GlobalSection(ProjectConfigurationPlatforms) = postSolution
		{ACC07993-AB2B-47C5-BFC6-A943E92EAE70}.Debug|Any CPU.ActiveCfg = Debug|Any CPU
		{ACC07993-AB2B-47C5-BFC6-A943E92EAE70}.Debug|Any CPU.Build.0 = Debug|Any CPU
		{ACC07993-AB2B-47C5-BFC6-A943E92EAE70}.Release|Any CPU.ActiveCfg = Release|Any CPU
		{ACC07993-AB2B-47C5-BFC6-A943E92EAE70}.Release|Any CPU.Build.0 = Release|Any CPU
	EndGlobalSection
	GlobalSection(SolutionProperties) = preSolution
		HideSolutionNode = FALSE
	EndGlobalSection
	GlobalSection(ExtensibilityGlobals) = postSolution
		SolutionGuid = {BFBD2161-3417-4040-B021-B2A41842E6E9}
	EndGlobalSection
EndGlobal
